
Microsoft Visual Studio Solution File, Format Version 12.00
# Visual Studio 2012
Project("{FAE04EC0-301F-11D3-BF4B-00C04F79EFBC}") = "Git demo", "Git demo\Git demo.csproj", "{AD9AEF8E-87B9-41A2-A6F2-B910A75DDAFE}"
EndProject
Global
	GlobalSection(SolutionConfigurationPlatforms) = preSolution
		Debug|Any CPU = Debug|Any CPU
		Release|Any CPU = Release|Any CPU
	EndGlobalSection
	GlobalSection(ProjectConfigurationPlatforms) = postSolution
		{AD9AEF8E-87B9-41A2-A6F2-B910A75DDAFE}.Debug|Any CPU.ActiveCfg = Debug|Any CPU
		{AD9AEF8E-87B9-41A2-A6F2-B910A75DDAFE}.Debug|Any CPU.Build.0 = Debug|Any CPU
		{AD9AEF8E-87B9-41A2-A6F2-B910A75DDAFE}.Release|Any CPU.ActiveCfg = Release|Any CPU
		{AD9AEF8E-87B9-41A2-A6F2-B910A75DDAFE}.Release|Any CPU.Build.0 = Release|Any CPU
	EndGlobalSection
	GlobalSection(SolutionProperties) = preSolution
		HideSolutionNode = FALSE
	EndGlobalSection
EndGlobal
